Microsoft Visual Studio Solution File, Format Version 12.00
# Visual Studio 14
VisualStudioVersion = 14.0.25420.1
MinimumVisualStudioVersion = 10.0.40219.1
Project("{FAE04EC0-301F-11D3-BF4B-00C04F79EFBC}") = "Ajs", "Ajs\Ajs.csproj", "{267086DA-AB24-4D8D-BD5F-D7D3B3D7DB67}"
EndProject
Project("{FAE04EC0-301F-11D3-BF4B-00C04F79EFBC}") = "AjsTest", "AjsTest\AjsTest.csproj", "{5E1C651F-E855-4FFD-A8EC-EAA221FF941E}"
EndProject
Global
	GlobalSection(SolutionConfigurationPlatforms) = preSolution
		Debug|Any CPU = Debug|Any CPU
		Release|Any CPU = Release|Any CPU
	EndGlobalSection
	GlobalSection(ProjectConfigurationPlatforms) = postSolution
		{267086DA-AB24-4D8D-BD5F-D7D3B3D7DB67}.Debug|Any CPU.ActiveCfg = Debug|Any CPU
		{267086DA-AB24-4D8D-BD5F-D7D3B3D7DB67}.Debug|Any CPU.Build.0 = Debug|Any CPU
		{267086DA-AB24-4D8D-BD5F-D7D3B3D7DB67}.Release|Any CPU.ActiveCfg = Release|Any CPU
		{267086DA-AB24-4D8D-BD5F-D7D3B3D7DB67}.Release|Any CPU.Build.0 = Release|Any CPU
		{5E1C651F-E855-4FFD-A8EC-EAA221FF941E}.Debug|Any CPU.ActiveCfg = Debug|Any CPU
		{5E1C651F-E855-4FFD-A8EC-EAA221FF941E}.Debug|Any CPU.Build.0 = Debug|Any CPU
		{5E1C651F-E855-4FFD-A8EC-EAA221FF941E}.Release|Any CPU.ActiveCfg = Release|Any CPU
		{5E1C651F-E855-4FFD-A8EC-EAA221FF941E}.Release|Any CPU.Build.0 = Release|Any CPU
	EndGlobalSection
	GlobalSection(SolutionProperties) = preSolution
		HideSolutionNode = FALSE
	EndGlobalSection
EndGlobal
